
Microsoft Visual Studio Solution File, Format Version 12.00
# Visual Studio 15
VisualStudioVersion = 15.0.28010.2046
MinimumVisualStudioVersion = 10.0.40219.1
Project("{FAE04EC0-301F-11D3-BF4B-00C04F79EFBC}") = "SignalRClientApp", "SignalRClientApp\SignalRClientApp.csproj", "{42169C1F-4CB4-4FF9-8524-1299D8037E40}"
EndProject
Global
	GlobalSection(SolutionConfigurationPlatforms) = preSolution
		Debug|Any CPU = Debug|Any CPU
		Release|Any CPU = Release|Any CPU
	EndGlobalSection
	GlobalSection(ProjectConfigurationPlatforms) = postSolution
		{42169C1F-4CB4-4FF9-8524-1299D8037E40}.Debug|Any CPU.ActiveCfg = Debug|Any CPU
		{42169C1F-4CB4-4FF9-8524-1299D8037E40}.Debug|Any CPU.Build.0 = Debug|Any CPU
		{42169C1F-4CB4-4FF9-8524-1299D8037E40}.Release|Any CPU.ActiveCfg = Release|Any CPU
		{42169C1F-4CB4-4FF9-8524-1299D8037E40}.Release|Any CPU.Build.0 = Release|Any CPU
	EndGlobalSection
	GlobalSection(SolutionProperties) = preSolution
		HideSolutionNode = FALSE
	EndGlobalSection
	GlobalSection(ExtensibilityGlobals) = postSolution
		SolutionGuid = {6FC97C14-B97E-43BB-AF08-A160BFD8976E}
	EndGlobalSection
EndGlobal
